// !$*UTF8*$!
{
	archiveVersion = 1;
	classes = {
	};
	objectVersion = 46;
	objects = {

/* Begin PBXBuildFile section */
		7B0F0ABB1981FBBB003E69C0 /* DirectoryViewCell.m in Sources */ = {isa = PBXBuildFile; fileRef = 7B0F0ABA1981FBBB003E69C0 /* DirectoryViewCell.m */; };
		7B2737DD197EC65600FB5F06 /* Foundation.framework in Frameworks */ = {isa = PBXBuildFile; fileRef = 7B2737DC197EC65600FB5F06 /* Foundation.framework */; };
		7B2737DF197EC65600FB5F06 /* CoreGraphics.framework in Frameworks */ = {isa = PBXBuildFile; fileRef = 7B2737DE197EC65600FB5F06 /* CoreGraphics.framework */; };
		7B2737E1197EC65600FB5F06 /* UIKit.framework in Frameworks */ = {isa = PBXBuildFile; fileRef = 7B2737E0197EC65600FB5F06 /* UIKit.framework */; };
		7B2737E7197EC65600FB5F06 /* InfoPlist.strings in Resources */ = {isa = PBXBuildFile; fileRef = 7B2737E5197EC65600FB5F06 /* InfoPlist.strings */; };
		7B2737E9197EC65600FB5F06 /* main.m in Sources */ = {isa = PBXBuildFile; fileRef = 7B2737E8197EC65600FB5F06 /* main.m */; };
		7B2737ED197EC65600FB5F06 /* AppDelegate.m in Sources */ = {isa = PBXBuildFile; fileRef = 7B2737EC197EC65600FB5F06 /* AppDelegate.m */; };
		7B2737F0197EC65600FB5F06 /* Main.storyboard in Resources */ = {isa = PBXBuildFile; fileRef = 7B2737EE197EC65600FB5F06 /* Main.storyboard */; };
		7B2737F5197EC65600FB5F06 /* Images.xcassets in Resources */ = {isa = PBXBuildFile; fileRef = 7B2737F4197EC65600FB5F06 /* Images.xcassets */; };
		7B2737FC197EC65600FB5F06 /* XCTest.framework in Frameworks */ = {isa = PBXBuildFile; fileRef = 7B2737FB197EC65600FB5F06 /* XCTest.framework */; };
		7B2737FD197EC65600FB5F06 /* Foundation.framework in Frameworks */ = {isa = PBXBuildFile; fileRef = 7B2737DC197EC65600FB5F06 /* Foundation.framework */; };
		7B2737FE197EC65600FB5F06 /* UIKit.framework in Frameworks */ = {isa = PBXBuildFile; fileRef = 7B2737E0197EC65600FB5F06 /* UIKit.framework */; };
		7B273806197EC65600FB5F06 /* InfoPlist.strings in Resources */ = {isa = PBXBuildFile; fileRef = 7B273804197EC65600FB5F06 /* InfoPlist.strings */; };
		7B273808197EC65600FB5F06 /* Kelley_CallingTests.m in Sources */ = {isa = PBXBuildFile; fileRef = 7B273807197EC65600FB5F06 /* Kelley_CallingTests.m */; };
		7B273815197EC84B00FB5F06 /* Directory.m in Sources */ = {isa = PBXBuildFile; fileRef = 7B273814197EC84B00FB5F06 /* Directory.m */; };
		7B273818197ECAA800FB5F06 /* JSONLoader.m in Sources */ = {isa = PBXBuildFile; fileRef = 7B273817197ECAA800FB5F06 /* JSONLoader.m */; };
		7B27381B197ECCA400FB5F06 /* DirectoryViewController.m in Sources */ = {isa = PBXBuildFile; fileRef = 7B27381A197ECCA400FB5F06 /* DirectoryViewController.m */; };
		7B69614E19809949007353AF /* BishopKelley.json in Resources */ = {isa = PBXBuildFile; fileRef = 7B69614D19809949007353AF /* BishopKelley.json */; };
		7BBBB0C0198427F6003F273A /* DetailViewController.m in Sources */ = {isa = PBXBuildFile; fileRef = 7BBBB0BF198427F6003F273A /* DetailViewController.m */; };
		7BBBB0C4198452DA003F273A /* messagesIcon.png in Resources */ = {isa = PBXBuildFile; fileRef = 7BBBB0C3198452DA003F273A /* messagesIcon.png */; };
		7BD192A919857D63005DB209 /* CoreData.framework in Frameworks */ = {isa = PBXBuildFile; fileRef = 7BD192A819857D63005DB209 /* CoreData.framework */; };
		7BD192AC19857DE9005DB209 /* Login.xcdatamodeld in Sources */ = {isa = PBXBuildFile; fileRef = 7BD192AA19857DE9005DB209 /* Login.xcdatamodeld */; };
		7BFC8A49197F038400125AD8 /* DetailsViewController.m in Sources */ = {isa = PBXBuildFile; fileRef = 7BFC8A48197F038400125AD8 /* DetailsViewController.m */; };
/* End PBXBuildFile section */

/* Begin PBXContainerItemProxy section */
		7B2737FF197EC65600FB5F06 /* PBXContainerItemProxy */ = {
			isa = PBXContainerItemProxy;
			containerPortal = 7B2737D1197EC65600FB5F06 /* Project object */;
			proxyType = 1;
			remoteGlobalIDString = 7B2737D8197EC65600FB5F06;
			remoteInfo = "Kelley Calling";
		};
/* End PBXContainerItemProxy section */

/* Begin PBXFileReference section */
		7B0F0AB91981FBBB003E69C0 /* DirectoryViewCell.h */ = {isa = PBXFileReference; fileEncoding = 4; lastKnownFileType = sourcecode.c.h; path = DirectoryViewCell.h; sourceTree = "<group>"; };
		7B0F0ABA1981FBBB003E69C0 /* DirectoryViewCell.m */ = {isa = PBXFileReference; fileEncoding = 4; lastKnownFileType = sourcecode.c.objc; path = DirectoryViewCell.m; sourceTree = "<group>"; };
		7B2737D9197EC65600FB5F06 /* Kelley Calling.app */ = {isa = PBXFileReference; explicitFileType = wrapper.application; includeInIndex = 0; path = "Kelley Calling.app"; sourceTree = BUILT_PRODUCTS_DIR; };
		7B2737DC197EC65600FB5F06 /* Foundation.framework */ = {isa = PBXFileReference; lastKnownFileType = wrapper.framework; name = Foundation.framework; path = System/Library/Frameworks/Foundation.framework; sourceTree = SDKROOT; };
		7B2737DE197EC65600FB5F06 /* CoreGraphics.framework */ = {isa = PBXFileReference; lastKnownFileType = wrapper.framework; name = CoreGraphics.framework; path = System/Library/Frameworks/CoreGraphics.framework; sourceTree = SDKROOT; };
		7B2737E0197EC65600FB5F06 /* UIKit.framework */ = {isa = PBXFileReference; lastKnownFileType = wrapper.framework; name = UIKit.framework; path = System/Library/Frameworks/UIKit.framework; sourceTree = SDKROOT; };
		7B2737E4197EC65600FB5F06 /* Kelley Calling-Info.plist */ = {isa = PBXFileReference; lastKnownFileType = text.plist.xml; path = "Kelley Calling-Info.plist"; sourceTree = "<group>"; };
		7B2737E6197EC65600FB5F06 /* en */ = {isa = PBXFileReference; lastKnownFileType = text.plist.strings; name = en; path = en.lproj/InfoPlist.strings; sourceTree = "<group>"; };
		7B2737E8197EC65600FB5F06 /* main.m */ = {isa = PBXFileReference; lastKnownFileType = sourcecode.c.objc; path = main.m; sourceTree = "<group>"; };
		7B2737EA197EC65600FB5F06 /* Kelley Calling-Prefix.pch */ = {isa = PBXFileReference; lastKnownFileType = sourcecode.c.h; path = "Kelley Calling-Prefix.pch"; sourceTree = "<group>"; };
		7B2737EB197EC65600FB5F06 /* AppDelegate.h */ = {isa = PBXFileReference; lastKnownFileType = sourcecode.c.h; path = AppDelegate.h; sourceTree = "<group>"; };
		7B2737EC197EC65600FB5F06 /* AppDelegate.m */ = {isa = PBXFileReference; lastKnownFileType = sourcecode.c.objc; path = AppDelegate.m; sourceTree = "<group>"; };
		7B2737EF197EC65600FB5F06 /* Base */ = {isa = PBXFileReference; lastKnownFileType = file.storyboard; name = Base; path = Base.lproj/Main.storyboard; sourceTree = "<group>"; };
		7B2737F4197EC65600FB5F06 /* Images.xcassets */ = {isa = PBXFileReference; lastKnownFileType = folder.assetcatalog; path = Images.xcassets; sourceTree = "<group>"; };
		7B2737FA197EC65600FB5F06 /* Kelley CallingTests.xctest */ = {isa = PBXFileReference; explicitFileType = wrapper.cfbundle; includeInIndex = 0; path = "Kelley CallingTests.xctest"; sourceTree = BUILT_PRODUCTS_DIR; };
		7B2737FB197EC65600FB5F06 /* XCTest.framework */ = {isa = PBXFileReference; lastKnownFileType = wrapper.framework; name = XCTest.framework; path = Library/Frameworks/XCTest.framework; sourceTree = DEVELOPER_DIR; };
		7B273803197EC65600FB5F06 /* Kelley CallingTests-Info.plist */ = {isa = PBXFileReference; lastKnownFileType = text.plist.xml; path = "Kelley CallingTests-Info.plist"; sourceTree = "<group>"; };
		7B273805197EC65600FB5F06 /* en */ = {isa = PBXFileReference; lastKnownFileType = text.plist.strings; name = en; path = en.lproj/InfoPlist.strings; sourceTree = "<group>"; };
		7B273807197EC65600FB5F06 /* Kelley_CallingTests.m */ = {isa = PBXFileReference; lastKnownFileType = sourcecode.c.objc; path = Kelley_CallingTests.m; sourceTree = "<group>"; };
		7B273813197EC84B00FB5F06 /* Directory.h */ = {isa = PBXFileReference; fileEncoding = 4; lastKnownFileType = sourcecode.c.h; path = Directory.h; sourceTree = "<group>"; };
		7B273814197EC84B00FB5F06 /* Directory.m */ = {isa = PBXFileReference; fileEncoding = 4; lastKnownFileType = sourcecode.c.objc; path = Directory.m; sourceTree = "<group>"; };
		7B273816197ECAA800FB5F06 /* JSONLoader.h */ = {isa = PBXFileReference; fileEncoding = 4; lastKnownFileType = sourcecode.c.h; path = JSONLoader.h; sourceTree = "<group>"; };
		7B273817197ECAA800FB5F06 /* JSONLoader.m */ = {isa = PBXFileReference; fileEncoding = 4; lastKnownFileType = sourcecode.c.objc; path = JSONLoader.m; sourceTree = "<group>"; };
		7B273819197ECCA400FB5F06 /* DirectoryViewController.h */ = {isa = PBXFileReference; fileEncoding = 4; lastKnownFileType = sourcecode.c.h; path = DirectoryViewController.h; sourceTree = "<group>"; };
		7B27381A197ECCA400FB5F06 /* DirectoryViewController.m */ = {isa = PBXFileReference; fileEncoding = 4; lastKnownFileType = sourcecode.c.objc; path = DirectoryViewController.m; sourceTree = "<group>"; };
		7B69614D19809949007353AF /* BishopKelley.json */ = {isa = PBXFileReference; fileEncoding = 4; lastKnownFileType = text.json; path = BishopKelley.json; sourceTree = "<group>"; };
		7BBBB0BE198427F6003F273A /* DetailViewController.h */ = {isa = PBXFileReference; fileEncoding = 4; lastKnownFileType = sourcecode.c.h; path = DetailViewController.h; sourceTree = "<group>"; };
		7BBBB0BF198427F6003F273A /* DetailViewController.m */ = {isa = PBXFileReference; fileEncoding = 4; lastKnownFileType = sourcecode.c.objc; path = DetailViewController.m; sourceTree = "<group>"; };
		7BBBB0C3198452DA003F273A /* messagesIcon.png */ = {isa = PBXFileReference; lastKnownFileType = image.png; path = messagesIcon.png; sourceTree = "<group>"; };
		7BD192A819857D63005DB209 /* CoreData.framework */ = {isa = PBXFileReference; lastKnownFileType = wrapper.framework; name = CoreData.framework; path = System/Library/Frameworks/CoreData.framework; sourceTree = SDKROOT; };
		7BD192AB19857DE9005DB209 /* Login.xcdatamodel */ = {isa = PBXFileReference; lastKnownFileType = wrapper.xcdatamodel; path = Login.xcdatamodel; sourceTree = "<group>"; };
		7BFC8A47197F038400125AD8 /* DetailsViewController.h */ = {isa = PBXFileReference; fileEncoding = 4; lastKnownFileType = sourcecode.c.h; path = DetailsViewController.h; sourceTree = "<group>"; };
		7BFC8A48197F038400125AD8 /* DetailsViewController.m */ = {isa = PBXFileReference; fileEncoding = 4; lastKnownFileType = sourcecode.c.objc; path = DetailsViewController.m; sourceTree = "<group>"; };
/* End PBXFileReference section */

/* Begin PBXFrameworksBuildPhase section */
		7B2737D6197EC65600FB5F06 /* Frameworks */ = {
			isa = PBXFrameworksBuildPhase;
			buildActionMask = 2147483647;
			files = (
				7BD192A919857D63005DB209 /* CoreData.framework in Frameworks */,
				7B2737DF197EC65600FB5F06 /* CoreGraphics.framework in Frameworks */,
				7B2737E1197EC65600FB5F06 /* UIKit.framework in Frameworks */,
				7B2737DD197EC65600FB5F06 /* Foundation.framework in Frameworks */,
			);
			runOnlyForDeploymentPostprocessing = 0;
		};
		7B2737F7197EC65600FB5F06 /* Frameworks */ = {
			isa = PBXFrameworksBuildPhase;
			buildActionMask = 2147483647;
			files = (
				7B2737FC197EC65600FB5F06 /* XCTest.framework in Frameworks */,
				7B2737FE197EC65600FB5F06 /* UIKit.framework in Frameworks */,
				7B2737FD197EC65600FB5F06 /* Foundation.framework in Frameworks */,
			);
			runOnlyForDeploymentPostprocessing = 0;
		};
/* End PBXFrameworksBuildPhase section */

/* Begin PBXGroup section */
		7B2737D0197EC65600FB5F06 = {
			isa = PBXGroup;
			children = (
				7BD192AA19857DE9005DB209 /* Login.xcdatamodeld */,
				7BBBB0C3198452DA003F273A /* messagesIcon.png */,
				7B69614D19809949007353AF /* BishopKelley.json */,
				7B273816197ECAA800FB5F06 /* JSONLoader.h */,
				7B273817197ECAA800FB5F06 /* JSONLoader.m */,
				7B273813197EC84B00FB5F06 /* Directory.h */,
				7B273814197EC84B00FB5F06 /* Directory.m */,
				7B2737E2197EC65600FB5F06 /* Kelley Calling */,
				7B273801197EC65600FB5F06 /* Kelley CallingTests */,
				7B2737DB197EC65600FB5F06 /* Frameworks */,
				7B2737DA197EC65600FB5F06 /* Products */,
			);
			sourceTree = "<group>";
		};
		7B2737DA197EC65600FB5F06 /* Products */ = {
			isa = PBXGroup;
			children = (
				7B2737D9197EC65600FB5F06 /* Kelley Calling.app */,
				7B2737FA197EC65600FB5F06 /* Kelley CallingTests.xctest */,
			);
			name = Products;
			sourceTree = "<group>";
		};
		7B2737DB197EC65600FB5F06 /* Frameworks */ = {
			isa = PBXGroup;
			children = (
				7BD192A819857D63005DB209 /* CoreData.framework */,
				7B2737DC197EC65600FB5F06 /* Foundation.framework */,
				7B2737DE197EC65600FB5F06 /* CoreGraphics.framework */,
				7B2737E0197EC65600FB5F06 /* UIKit.framework */,
				7B2737FB197EC65600FB5F06 /* XCTest.framework */,
			);
			name = Frameworks;
			sourceTree = "<group>";
		};
		7B2737E2197EC65600FB5F06 /* Kelley Calling */ = {
			isa = PBXGroup;
			children = (
				7B2737EB197EC65600FB5F06 /* AppDelegate.h */,
				7B2737EC197EC65600FB5F06 /* AppDelegate.m */,
				7B2737EE197EC65600FB5F06 /* Main.storyboard */,
				7BBBB0BE198427F6003F273A /* DetailViewController.h */,
				7BBBB0BF198427F6003F273A /* DetailViewController.m */,
				7B273819197ECCA400FB5F06 /* DirectoryViewController.h */,
				7B27381A197ECCA400FB5F06 /* DirectoryViewController.m */,
				7B0F0AB91981FBBB003E69C0 /* DirectoryViewCell.h */,
				7B0F0ABA1981FBBB003E69C0 /* DirectoryViewCell.m */,
				7BFC8A47197F038400125AD8 /* DetailsViewController.h */,
				7BFC8A48197F038400125AD8 /* DetailsViewController.m */,
				7B2737F4197EC65600FB5F06 /* Images.xcassets */,
				7B2737E3197EC65600FB5F06 /* Supporting Files */,
			);
			path = "Kelley Calling";
			sourceTree = "<group>";
		};
		7B2737E3197EC65600FB5F06 /* Supporting Files */ = {
			isa = PBXGroup;
			children = (
				7B2737E4197EC65600FB5F06 /* Kelley Calling-Info.plist */,
				7B2737E5197EC65600FB5F06 /* InfoPlist.strings */,
				7B2737E8197EC65600FB5F06 /* main.m */,
				7B2737EA197EC65600FB5F06 /* Kelley Calling-Prefix.pch */,
			);
			name = "Supporting Files";
			sourceTree = "<group>";
		};
		7B273801197EC65600FB5F06 /* Kelley CallingTests */ = {
			isa = PBXGroup;
			children = (
				7B273807197EC65600FB5F06 /* Kelley_CallingTests.m */,
				7B273802197EC65600FB5F06 /* Supporting Files */,
			);
			path = "Kelley CallingTests";
			sourceTree = "<group>";
		};
		7B273802197EC65600FB5F06 /* Supporting Files */ = {
			isa = PBXGroup;
			children = (
				7B273803197EC65600FB5F06 /* Kelley CallingTests-Info.plist */,
				7B273804197EC65600FB5F06 /* InfoPlist.strings */,
			);
			name = "Supporting Files";
			sourceTree = "<group>";
		};
/* End PBXGroup section */

/* Begin PBXNativeTarget section */
		7B2737D8197EC65600FB5F06 /* Kelley Calling */ = {
			isa = PBXNativeTarget;
			buildConfigurationList = 7B27380B197EC65600FB5F06 /* Build configuration list for PBXNativeTarget "Kelley Calling" */;
			buildPhases = (
				7B2737D5197EC65600FB5F06 /* Sources */,
				7B2737D6197EC65600FB5F06 /* Frameworks */,
				7B2737D7197EC65600FB5F06 /* Resources */,
			);
			buildRules = (
			);
			dependencies = (
			);
			name = "Kelley Calling";
			productName = "Kelley Calling";
			productReference = 7B2737D9197EC65600FB5F06 /* Kelley Calling.app */;
			productType = "com.apple.product-type.application";
		};
		7B2737F9197EC65600FB5F06 /* Kelley CallingTests */ = {
			isa = PBXNativeTarget;
			buildConfigurationList = 7B27380E197EC65600FB5F06 /* Build configuration list for PBXNativeTarget "Kelley CallingTests" */;
			buildPhases = (
				7B2737F6197EC65600FB5F06 /* Sources */,
				7B2737F7197EC65600FB5F06 /* Frameworks */,
				7B2737F8197EC65600FB5F06 /* Resources */,
			);
			buildRules = (
			);
			dependencies = (
				7B273800197EC65600FB5F06 /* PBXTargetDependency */,
			);
			name = "Kelley CallingTests";
			productName = "Kelley CallingTests";
			productReference = 7B2737FA197EC65600FB5F06 /* Kelley CallingTests.xctest */;
			productType = "com.apple.product-type.bundle.unit-test";
		};
/* End PBXNativeTarget section */

/* Begin PBXProject section */
		7B2737D1197EC65600FB5F06 /* Project object */ = {
			isa = PBXProject;
			attributes = {
				LastUpgradeCheck = 0510;
				ORGANIZATIONNAME = "Grant Isom";
				TargetAttributes = {
					7B2737F9197EC65600FB5F06 = {
						TestTargetID = 7B2737D8197EC65600FB5F06;
					};
				};
			};
			buildConfigurationList = 7B2737D4197EC65600FB5F06 /* Build configuration list for PBXProject "Kelley Calling" */;
			compatibilityVersion = "Xcode 3.2";
			developmentRegion = English;
			hasScannedForEncodings = 0;
			knownRegions = (
				en,
				Base,
			);
			mainGroup = 7B2737D0197EC65600FB5F06;
			productRefGroup = 7B2737DA197EC65600FB5F06 /* Products */;
			projectDirPath = "";
			projectRoot = "";
			targets = (
				7B2737D8197EC65600FB5F06 /* Kelley Calling */,
				7B2737F9197EC65600FB5F06 /* Kelley CallingTests */,
			);
		};
/* End PBXProject section */

/* Begin PBXResourcesBuildPhase section */
		7B2737D7197EC65600FB5F06 /* Resources */ = {
			isa = PBXResourcesBuildPhase;
			buildActionMask = 2147483647;
			files = (
				7B69614E19809949007353AF /* BishopKelley.json in Resources */,
				7B2737F5197EC65600FB5F06 /* Images.xcassets in Resources */,
				7B2737E7197EC65600FB5F06 /* InfoPlist.strings in Resources */,
				7B2737F0197EC65600FB5F06 /* Main.storyboard in Resources */,
				7BBBB0C4198452DA003F273A /* messagesIcon.png in Resources */,
			);
			runOnlyForDeploymentPostprocessing = 0;
		};
		7B2737F8197EC65600FB5F06 /* Resources */ = {
			isa = PBXResourcesBuildPhase;
			buildActionMask = 2147483647;
			files = (
				7B273806197EC65600FB5F06 /* InfoPlist.strings in Resources */,
			);
			runOnlyForDeploymentPostprocessing = 0;
		};
/* End PBXResourcesBuildPhase section */

/* Begin PBXSourcesBuildPhase section */
		7B2737D5197EC65600FB5F06 /* Sources */ = {
			isa = PBXSourcesBuildPhase;
			buildActionMask = 2147483647;
			files = (
				7B2737ED197EC65600FB5F06 /* AppDelegate.m in Sources */,
				7B2737E9197EC65600FB5F06 /* main.m in Sources */,
				7B273815197EC84B00FB5F06 /* Directory.m in Sources */,
				7BBBB0C0198427F6003F273A /* DetailViewController.m in Sources */,
				7BFC8A49197F038400125AD8 /* DetailsViewController.m in Sources */,
				7BD192AC19857DE9005DB209 /* Login.xcdatamodeld in Sources */,
				7B27381B197ECCA400FB5F06 /* DirectoryViewController.m in Sources */,
				7B0F0ABB1981FBBB003E69C0 /* DirectoryViewCell.m in Sources */,
				7B273818197ECAA800FB5F06 /* JSONLoader.m in Sources */,
			);
			runOnlyForDeploymentPostprocessing = 0;
		};
		7B2737F6197EC65600FB5F06 /* Sources */ = {
			isa = PBXSourcesBuildPhase;
			buildActionMask = 2147483647;
			files = (
				7B273808197EC65600FB5F06 /* Kelley_CallingTests.m in Sources */,
			);
			runOnlyForDeploymentPostprocessing = 0;
		};
/* End PBXSourcesBuildPhase section */

/* Begin PBXTargetDependency section */
		7B273800197EC65600FB5F06 /* PBXTargetDependency */ = {
			isa = PBXTargetDependency;
			target = 7B2737D8197EC65600FB5F06 /* Kelley Calling */;
			targetProxy = 7B2737FF197EC65600FB5F06 /* PBXContainerItemProxy */;
		};
/* End PBXTargetDependency section */

/* Begin PBXVariantGroup section */
		7B2737E5197EC65600FB5F06 /* InfoPlist.strings */ = {
			isa = PBXVariantGroup;
			children = (
				7B2737E6197EC65600FB5F06 /* en */,
			);
			name = InfoPlist.strings;
			sourceTree = "<group>";
		};
		7B2737EE197EC65600FB5F06 /* Main.storyboard */ = {
			isa = PBXVariantGroup;
			children = (
				7B2737EF197EC65600FB5F06 /* Base */,
			);
			name = Main.storyboard;
			sourceTree = "<group>";
		};
		7B273804197EC65600FB5F06 /* InfoPlist.strings */ = {
			isa = PBXVariantGroup;
			children = (
				7B273805197EC65600FB5F06 /* en */,
			);
			name = InfoPlist.strings;
			sourceTree = "<group>";
		};
/* End PBXVariantGroup section */

/* Begin XCBuildConfiguration section */
		7B273809197EC65600FB5F06 /* Debug */ = {
			isa = XCBuildConfiguration;
			buildSettings = {
				ALWAYS_SEARCH_USER_PATHS = NO;
				CLANG_CXX_LANGUAGE_STANDARD = "gnu++0x";
				CLANG_CXX_LIBRARY = "libc++";
				CLANG_ENABLE_MODULES = YES;
				CLANG_ENABLE_OBJC_ARC = YES;
				CLANG_WARN_BOOL_CONVERSION = YES;
				CLANG_WARN_CONSTANT_CONVERSION = YES;
				CLANG_WARN_DIRECT_OBJC_ISA_USAGE = YES_ERROR;
				CLANG_WARN_EMPTY_BODY = YES;
				CLANG_WARN_ENUM_CONVERSION = YES;
				CLANG_WARN_INT_CONVERSION = YES;
				CLANG_WARN_OBJC_ROOT_CLASS = YES_ERROR;
				CLANG_WARN__DUPLICATE_METHOD_MATCH = YES;
				"CODE_SIGN_IDENTITY[sdk=iphoneos*]" = "iPhone Developer";
				COPY_PHASE_STRIP = NO;
				GCC_C_LANGUAGE_STANDARD = gnu99;
				GCC_DYNAMIC_NO_PIC = NO;
				GCC_OPTIMIZATION_LEVEL = 0;
				GCC_PREPROCESSOR_DEFINITIONS = (
					"DEBUG=1",
					"$(inherited)",
				);
				GCC_SYMBOLS_PRIVATE_EXTERN = NO;
				GCC_WARN_64_TO_32_BIT_CONVERSION = YES;
				GCC_WARN_ABOUT_RETURN_TYPE = YES_ERROR;
				GCC_WARN_UNDECLARED_SELECTOR = YES;
				GCC_WARN_UNINITIALIZED_AUTOS = YES_AGGRESSIVE;
				GCC_WARN_UNUSED_FUNCTION = YES;
				GCC_WARN_UNUSED_VARIABLE = YES;
				IPHONEOS_DEPLOYMENT_TARGET = 7.1;
				ONLY_ACTIVE_ARCH = YES;
				SDKROOT = iphoneos;
			};
			name = Debug;
		};
		7B27380A197EC65600FB5F06 /* Release */ = {
			isa = XCBuildConfiguration;
			buildSettings = {
				ALWAYS_SEARCH_USER_PATHS = NO;
				CLANG_CXX_LANGUAGE_STANDARD = "gnu++0x";
				CLANG_CXX_LIBRARY = "libc++";
				CLANG_ENABLE_MODULES = YES;
				CLANG_ENABLE_OBJC_ARC = YES;
				CLANG_WARN_BOOL_CONVERSION = YES;
				CLANG_WARN_CONSTANT_CONVERSION = YES;
				CLANG_WARN_DIRECT_OBJC_ISA_USAGE = YES_ERROR;
				CLANG_WARN_EMPTY_BODY = YES;
				CLANG_WARN_ENUM_CONVERSION = YES;
				CLANG_WARN_INT_CONVERSION = YES;
				CLANG_WARN_OBJC_ROOT_CLASS = YES_ERROR;
				CLANG_WARN__DUPLICATE_METHOD_MATCH = YES;
				"CODE_SIGN_IDENTITY[sdk=iphoneos*]" = "iPhone Developer";
				COPY_PHASE_STRIP = YES;
				ENABLE_NS_ASSERTIONS = NO;
				GCC_C_LANGUAGE_STANDARD = gnu99;
				GCC_WARN_64_TO_32_BIT_CONVERSION = YES;
				GCC_WARN_ABOUT_RETURN_TYPE = YES_ERROR;
				GCC_WARN_UNDECLARED_SELECTOR = YES;
				GCC_WARN_UNINITIALIZED_AUTOS = YES_AGGRESSIVE;
				GCC_WARN_UNUSED_FUNCTION = YES;
				GCC_WARN_UNUSED_VARIABLE = YES;
				IPHONEOS_DEPLOYMENT_TARGET = 7.1;
				SDKROOT = iphoneos;
				VALIDATE_PRODUCT = YES;
			};
			name = Release;
		};
		7B27380C197EC65600FB5F06 /* Debug */ = {
			isa = XCBuildConfiguration;
			buildSettings = {
				ASSETCATALOG_COMPILER_APPICON_NAME = AppIcon;
				ASSETCATALOG_COMPILER_LAUNCHIMAGE_NAME = LaunchImage;
				GCC_PRECOMPILE_PREFIX_HEADER = YES;
				GCC_PREFIX_HEADER = "Kelley Calling/Kelley Calling-Prefix.pch";
				INFOPLIST_FILE = "Kelley Calling/Kelley Calling-Info.plist";
				PRODUCT_NAME = "$(TARGET_NAME)";
				WRAPPER_EXTENSION = app;
			};
			name = Debug;
		};
		7B27380D197EC65600FB5F06 /* Release */ = {
			isa = XCBuildConfiguration;
			buildSettings = {
				ASSETCATALOG_COMPILER_APPICON_NAME = AppIcon;
				ASSETCATALOG_COMPILER_LAUNCHIMAGE_NAME = LaunchImage;
				GCC_PRECOMPILE_PREFIX_HEADER = YES;
				GCC_PREFIX_HEADER = "Kelley Calling/Kelley Calling-Prefix.pch";
				INFOPLIST_FILE = "Kelley Calling/Kelley Calling-Info.plist";
				PRODUCT_NAME = "$(TARGET_NAME)";
				WRAPPER_EXTENSION = app;
			};
			name = Release;
		};
		7B27380F197EC65600FB5F06 /* Debug */ = {
			isa = XCBuildConfiguration;
			buildSettings = {
				BUNDLE_LOADER = "$(BUILT_PRODUCTS_DIR)/Kelley Calling.app/Kelley Calling";
				FRAMEWORK_SEARCH_PATHS = (
					"$(SDKROOT)/Developer/Library/Frameworks",
					"$(inherited)",
					"$(DEVELOPER_FRAMEWORKS_DIR)",
				);
				GCC_PRECOMPILE_PREFIX_HEADER = YES;
				GCC_PREFIX_HEADER = "Kelley Calling/Kelley Calling-Prefix.pch";
				GCC_PREPROCESSOR_DEFINITIONS = (
					"DEBUG=1",
					"$(inherited)",
				);
				INFOPLIST_FILE = "Kelley CallingTests/Kelley CallingTests-Info.plist";
				PRODUCT_NAME = "$(TARGET_NAME)";
				TEST_HOST = "$(BUNDLE_LOADER)";
				WRAPPER_EXTENSION = xctest;
			};
			name = Debug;
		};
		7B273810197EC65600FB5F06 /* Release */ = {
			isa = XCBuildConfiguration;
			buildSettings = {
				BUNDLE_LOADER = "$(BUILT_PRODUCTS_DIR)/Kelley Calling.app/Kelley Calling";
				FRAMEWORK_SEARCH_PATHS = (
					"$(SDKROOT)/Developer/Library/Frameworks",
					"$(inherited)",
					"$(DEVELOPER_FRAMEWORKS_DIR)",
				);
				GCC_PRECOMPILE_PREFIX_HEADER = YES;
				GCC_PREFIX_HEADER = "Kelley Calling/Kelley Calling-Prefix.pch";
				INFOPLIST_FILE = "Kelley CallingTests/Kelley CallingTests-Info.plist";
				PRODUCT_NAME = "$(TARGET_NAME)";
				TEST_HOST = "$(BUNDLE_LOADER)";
				WRAPPER_EXTENSION = xctest;
			};
			name = Release;
		};
/* End XCBuildConfiguration section */

/* Begin XCConfigurationList section */
		7B2737D4197EC65600FB5F06 /* Build configuration list for PBXProject "Kelley Calling" */ = {
			isa = XCConfigurationList;
			buildConfigurations = (
				7B273809197EC65600FB5F06 /* Debug */,
				7B27380A197EC65600FB5F06 /* Release */,
			);
			defaultConfigurationIsVisible = 0;
			defaultConfigurationName = Release;
		};
		7B27380B197EC65600FB5F06 /* Build configuration list for PBXNativeTarget "Kelley Calling" */ = {
			isa = XCConfigurationList;
			buildConfigurations = (
				7B27380C197EC65600FB5F06 /* Debug */,
				7B27380D197EC65600FB5F06 /* Release */,
			);
			defaultConfigurationIsVisible = 0;
			defaultConfigurationName = Release;
		};
		7B27380E197EC65600FB5F06 /* Build configuration list for PBXNativeTarget "Kelley CallingTests" */ = {
			isa = XCConfigurationList;
			buildConfigurations = (
				7B27380F197EC65600FB5F06 /* Debug */,
				7B273810197EC65600FB5F06 /* Release */,
			);
			defaultConfigurationIsVisible = 0;
			defaultConfigurationName = Release;
		};
/* End XCConfigurationList section */

/* Begin XCVersionGroup section */
		7BD192AA19857DE9005DB209 /* Login.xcdatamodeld */ = {
			isa = XCVersionGroup;
			children = (
				7BD192AB19857DE9005DB209 /* Login.xcdatamodel */,
			);
			currentVersion = 7BD192AB19857DE9005DB209 /* Login.xcdatamodel */;
			path = Login.xcdatamodeld;
			sourceTree = "<group>";
			versionGroupType = wrapper.xcdatamodel;
		};
/* End XCVersionGroup section */
	};
	rootObject = 7B2737D1197EC65600FB5F06 /* Project object */;
}
